github.com/davecgh/go-spew v1.1.1 h1:vj9j/u1bqnvCEfJOwUhtlOARqs3+rkHYY13jYWTU97c=
github.com/davecgh/go-spew v1.1.1/go.mod h1:J7Y8YcW2NihsgmVo/mv3lAwl/skON4iLHjSsI+c5H38=
github.com/google/go-cmp v0.5.6/go.mod h1:v8dTdLbMG2kIc/vJvl+f65V22dbkXbowE6jgT/gNBxE=
github.com/google/go-cmp v0.7.0 h1:wk8382ETsv4JYUZwIsn6YpYiWiBsYLSJiTsyBybVuN8=
github.com/google/go-cmp v0.7.0/go.mod h1:pXiqmnSA92OHEEa9HXL2W4E7lf9JzCmGVUdgjX3N/iU=
github.com/gorilla/feeds v1.2.0 h1:O6pBiXJ5JHhPvqy53NsjKOThq+dNFm8+DFrxBEdzSCc=
github.com/gorilla/feeds v1.2.0/go.mod h1:WMib8uJP3BbY+X8Szd1rA5Pzhdfh+HCCAYT2z7Fza6Y=
github.com/gost-dom/browser v0.9.0 h1:zIFh6j+hrf71IQV5CCdenIukkbhCFftwJwHXN4w3QwU=
github.com/gost-dom/browser v0.9.0/go.mod h1:SEVhbXrOCu8+p/1FngtSOcSZ8wmuxGFI7LdBgDhJR2Q=
github.com/gost-dom/css v0.1.0 h1:O4aXjnYonQH1EDwKysXCQOgGVLwCWd/+HJeGO15sDIE=
github.com/gost-dom/css v0.1.0/go.mod h1:BYfl+dr6Dzl6RoKn4op6TynJ7GmFqP0kFCM44NEVgNs=
github.com/gost-dom/fixture v0.1.0 h1:7PnEpkuww1QBOh4gyoR8updPfyosHJfxmFRY+2t05+w=
github.com/gost-dom/fixture v0.1.0/go.mod h1:7mSGaBhOfi/NO+YiD426CQ1DTkko62vYxoSVRmveqqY=
github.com/gost-dom/v8go v0.0.0-20250712111039-fd213ddc42d7 h1:l8UeevV8eXNZ3t40WrxoT6cfeGyYShV+I4mjfuOcSPc=
github.com/gost-dom/v8go v0.0.0-20250712111039-fd213ddc42d7/go.mod h1:IiR7SWCB6ZLT7HgLd0TCjEaSHdGJvJqhhfujJMrv0Qk=
github.com/kr/pretty v0.3.1 h1:flRD4NNwYAUpkphVc1HcthR4KEIFJ65n8Mw5qdRn3LE=
github.com/kr/pretty v0.3.1/go.mod h1:hoEshYVHaxMs3cyo3Yncou5ZscifuDolrwPKZanG3xk=
github.com/kr/text v0.2.0 h1:5Nx0Ya0ZqY2ygV366QzturHI13Jq95ApcVaJBhpS+AY=
github.com/kr/text v0.2.0/go.mod h1:eLer722TekiGuMkidMxC/pM04lWEeraHUUmBw8l2grE=
github.com/onsi/gomega v1.37.0 h1:CdEG8g0S133B4OswTDC/5XPSzE1OeP29QOioj2PID2Y=
github.com/onsi/gomega v1.37.0/go.mod h1:8D9+Txp43QWKhM24yyOBEdpkzN8FvJyAwecBgsU4KU0=
github.com/pelletier/go-toml/v2 v2.2.4 h1:mye9XuhQ6gvn5h28+VilKrrPoQVanw5PMw/TB0t5Ec4=
github.com/pelletier/go-toml/v2 v2.2.4/go.mod h1:2gIqNv+qfxSVS7cM2xJQKtLSTLUE9V8t9Stt+h56mCY=
github.com/pmezard/go-difflib v1.0.0 h1:4DBwDE0NGyQoBHbLQYPwSUPoCMWR5BEzIk/f1lZbAQM=
github.com/pmezard/go-difflib v1.0.0/go.mod h1:iKH77koFhYxTK1pcRnkKkqfTogsbg7gZNVY4sRDYZ/4=
github.com/rogpeppe/go-internal v1.14.1 h1:UQB4HGPB6osV0SQTLymcB4TgvyWu6ZyliaW0tI/otEQ=
github.com/rogpeppe/go-internal v1.14.1/go.mod h1:MaRKkUm5W0goXpeCfT7UZI6fk/L7L7so1lCWt35ZSgc=
github.com/stretchr/testify v1.10.0 h1:Xv5erBjTwe/5IxqUQTdXv5kgmIvbHo3QQyRwhJsOfJA=
github.com/stretchr/testify v1.10.0/go.mod h1:r2ic/lqez/lEtzL7wO/rwa5dbSLXVDPFyf8C91i36aY=
github.com/tommie/v8go/deps/android_amd64 v0.0.0-20250521203357-c9a10f00f747 h1:0eYQDk8VEg5gx4Hijg4l94J9zkC5KeLsqORXbzFvRz4=
github.com/tommie/v8go/deps/android_amd64 v0.0.0-20250521203357-c9a10f00f747/go.mod h1:+SU4RWSqMXAx2oR/Gzkyc1YAG6F8SCzttMv3sZkh+qY=
github.com/tommie/v8go/deps/android_arm64 v0.0.0-20250521203357-c9a10f00f747 h1:WUh/9SNTmJrX1S9s933J9G6B/04CvyxNVeCml2TQLEY=
github.com/tommie/v8go/deps/android_arm64 v0.0.0-20250521203357-c9a10f00f747/go.mod h1:cR4ynUc528GmLCLOb3c1iM2d6qZ5DCVHh+eAD7sJDBQ=
github.com/tommie/v8go/deps/darwin_amd64 v0.0.0-20250521203357-c9a10f00f747 h1:lJYBFNU2keePVOUmo9mmPUjVvVqLdGjdgB8OhhigTiY=
github.com/tommie/v8go/deps/darwin_amd64 v0.0.0-20250521203357-c9a10f00f747/go.mod h1:0qn9w9F7mniTrixPYggJNQQtpAkb9OKY3STy3SSEBi4=
github.com/tommie/v8go/deps/darwin_arm64 v0.0.0-20250521203357-c9a10f00f747 h1:RV9YqX9r4yG0J+dLmqwpqBca/Ot8WODDIuLadcviNSI=
github.com/tommie/v8go/deps/darwin_arm64 v0.0.0-20250521203357-c9a10f00f747/go.mod h1:bd8hssu+JaGC4mIE9SukKia0TYs5v977mNodhgpJrdo=
github.com/tommie/v8go/deps/linux_amd64 v0.0.0-20250521203357-c9a10f00f747 h1:FuBmeNAD1q2OpMRox0KkLjJik8Z4ZMx1Ewwl4xGw+48=
github.com/tommie/v8go/deps/linux_amd64 v0.0.0-20250521203357-c9a10f00f747/go.mod h1:ZKG7g6Rah4/ZRzb07qFrQI/EPSm2PMj1cN/9y4fxgO8=
github.com/tommie/v8go/deps/linux_arm64 v0.0.0-20250521203357-c9a10f00f747 h1:FYRhFjyET1sM9CQWl1iR0jHmpRTHo9jo+/+9mVms2Ww=
github.com/tommie/v8go/deps/linux_arm64 v0.0.0-20250521203357-c9a10f00f747/go.mod h1:B/myVnZ82IRgW//OzDnHArcOzW8Yq7FbWnMnYPbZ0Hc=
golang.org/x/net v0.0.0-20211216030914-fe4d6282115f/go.mod h1:9nx3DQGgdP8bBQD5qxJ1jj9UTztislL4KSBs9R2vV5Y=
golang.org/x/net v0.42.0 h1:jzkYrhi3YQWD6MLBJcsklgQsoAcw89EcZbJw8Z614hs=
golang.org/x/net v0.42.0/go.mod h1:FF1RA5d3u7nAYA4z2TkclSCKh68eSXtiFwcWQpPXdt8=
golang.org/x/sync v0.16.0 h1:ycBJEhp9p4vXvUZNszeOq0kGTPghopOL8q0fq3vstxw=
golang.org/x/sync v0.16.0/go.mod h1:1dzgHSNfp02xaA81J2MS99Qcpr2w7fw1gpm99rleRqA=
golang.org/x/sys v0.0.0-20201119102817-f84b799fce68/go.mod h1:h1NjWce9XRLGQEsW7wpKNCjG9DtNlClVuFLEZdDNbEs=
golang.org/x/sys v0.0.0-20210423082822-04245dca01da/go.mod h1:h1NjWce9XRLGQEsW7wpKNCjG9DtNlClVuFLEZdDNbEs=
golang.org/x/term v0.0.0-20201126162022-7de9c90e9dd1/go.mod h1:bj7SfCRtBDWHUb9snDiAeCFNEtKQo2Wmx5Cou7ajbmo=
golang.org/x/text v0.3.6/go.mod h1:5Zoc/QRtKVWzQhOtBMvqHzDpF6irO9z98xDceosuGiQ=
golang.org/x/text v0.27.0 h1:4fGWRpyh641NLlecmyl4LOe6yDdfaYNrGb2zdfo4JV4=
golang.org/x/text v0.27.0/go.mod h1:1D28KMCvyooCX9hBiosv5Tz/+YLxj0j7XhWjpSUF7CU=
golang.org/x/tools v0.0.0-20180917221912-90fa682c2a6e/go.mod h1:n7NCudcB/nEzxVGmLbDWY5pfWTLqBcC2KZ6jyYvM4mQ=
golang.org/x/xerrors v0.0.0-20191204190536-9bdfabe68543/go.mod h1:I/5z698sn9Ka8TeJc9MKroUUfqBBauWjQqLJ2OPfmY0=
gopkg.in/yaml.v3 v3.0.1 h1:fxVm/GzAzEWqLHuvctI91KS9hhNmmWOoWu0XTYJS7CA=
gopkg.in/yaml.v3 v3.0.1/go.mod h1:K4uyk7z7BCEPqu6E+C64Yfv1cQ7kz7rIZviUmN+EgEM=
